
Microsoft Visual Studio Solution File, Format Version 12.00
# Visual Studio Version 17
VisualStudioVersion = 17.0.31903.59
MinimumVisualStudioVersion = 10.0.40219.1
Project("{FAE04EC0-301F-11D3-BF4B-00C04F79EFBC}") = "ShaluProject", "ShaluProject\ShaluProject.csproj", "{069E392B-683B-4EAC-870C-0FAEF87785DD}"
EndProject
Global
	GlobalSection(SolutionConfigurationPlatforms) = preSolution
		Debug|Any CPU = Debug|Any CPU
		Release|Any CPU = Release|Any CPU
	EndGlobalSection
	GlobalSection(ProjectConfigurationPlatforms) = postSolution
		{069E392B-683B-4EAC-870C-0FAEF87785DD}.Debug|Any CPU.ActiveCfg = Debug|Any CPU
		{069E392B-683B-4EAC-870C-0FAEF87785DD}.Debug|Any CPU.Build.0 = Debug|Any CPU
		{069E392B-683B-4EAC-870C-0FAEF87785DD}.Release|Any CPU.ActiveCfg = Release|Any CPU
		{069E392B-683B-4EAC-870C-0FAEF87785DD}.Release|Any CPU.Build.0 = Release|Any CPU
	EndGlobalSection
	GlobalSection(SolutionProperties) = preSolution
		HideSolutionNode = FALSE
	EndGlobalSection
	GlobalSection(ExtensibilityGlobals) = postSolution
		SolutionGuid = {13C64625-B3C3-4704-AADE-5A35F578CFB0}
	EndGlobalSection
EndGlobal
